Microsoft Visual Studio Solution File, Format Version 11.00
# Visual Studio 2010
Project("{E24C65DC-7377-472B-9ABA-BC803B73C61A}") = "EVO", ".", "{40CBF5C6-4E94-A57C-30AE-3986ED30B035}"
  ProjectSection(WebsiteProperties) = preProject
    TargetFrameworkMoniker = ".NETFramework,Version%3Dv4.8"
    Debug.AspNetCompiler.VirtualPath = "/CSharp"
    Debug.AspNetCompiler.PhysicalPath = "d:\sviluppo\inde\evo_core\csharp\"
    Debug.AspNetCompiler.TargetPath = "PrecompiledWeb\CSharp\"
    Debug.AspNetCompiler.Updateable = "true"
    Debug.AspNetCompiler.ForceOverwrite = "true"
    Debug.AspNetCompiler.FixedNames = "false"
    Debug.AspNetCompiler.Debug = "True"
    Release.AspNetCompiler.VirtualPath = "/CSharp"
    Release.AspNetCompiler.PhysicalPath = "d:\sviluppo\inde\evo_core\csharp\"
    Release.AspNetCompiler.TargetPath = "PrecompiledWeb\CSharp\"
    Release.AspNetCompiler.Updateable = "true"
    Release.AspNetCompiler.ForceOverwrite = "true"
    Release.AspNetCompiler.FixedNames = "false"
    Release.AspNetCompiler.Debug = "False"
    VWDPort = "1308"
    DefaultWebSiteLanguage = "Visual C#"
  EndProjectSection
EndProject
Global
  GlobalSection(SolutionConfigurationPlatforms) = preSolution
    Debug|.NET = Debug|.NET
  EndGlobalSection
  GlobalSection(ProjectConfigurationPlatforms) = postSolution
    {40CBF5C6-4E94-A57C-30AE-3986ED30B035}.Debug|.NET.ActiveCfg = Debug|.NET
    {40CBF5C6-4E94-A57C-30AE-3986ED30B035}.Debug|.NET.Build.0 = Debug|.NET
  EndGlobalSection
  GlobalSection(SolutionProperties) = preSolution
    HideSolutionNode = FALSE
  EndGlobalSection
EndGlobal
